// !$*UTF8*$!
{
	archiveVersion = 1;
	classes = {
	};
	objectVersion = 50;
	objects = {

/* Begin PBXBuildFile section */
		B65DC0C226380BA400C412F1 /* AppDelegate.swift in Sources */ = {isa = PBXBuildFile; fileRef = B65DC0C126380BA400C412F1 /* AppDelegate.swift */; };
		B65DC0C426380BA400C412F1 /* SceneDelegate.swift in Sources */ = {isa = PBXBuildFile; fileRef = B65DC0C326380BA400C412F1 /* SceneDelegate.swift */; };
		B65DC0C926380BA400C412F1 /* Main.storyboard in Resources */ = {isa = PBXBuildFile; fileRef = B65DC0C726380BA400C412F1 /* Main.storyboard */; };
		B65DC0CB26380BA600C412F1 /* Assets.xcassets in Resources */ = {isa = PBXBuildFile; fileRef = B65DC0CA26380BA600C412F1 /* Assets.xcassets */; };
		B65DC0CE26380BA600C412F1 /* LaunchScreen.storyboard in Resources */ = {isa = PBXBuildFile; fileRef = B65DC0CC26380BA600C412F1 /* LaunchScreen.storyboard */; };
		B65DC0D826380D1800C412F1 /* LoginFormController.swift in Sources */ = {isa = PBXBuildFile; fileRef = B65DC0D726380D1800C412F1 /* LoginFormController.swift */; };
		B65DC0E02641651700C412F1 /* MyGroupsTableViewController.swift in Sources */ = {isa = PBXBuildFile; fileRef = B65DC0DF2641651700C412F1 /* MyGroupsTableViewController.swift */; };
		B65DC0E42641654900C412F1 /* AllGroupsTableViewController.swift in Sources */ = {isa = PBXBuildFile; fileRef = B65DC0E32641654900C412F1 /* AllGroupsTableViewController.swift */; };
		B65DC0E72641657E00C412F1 /* MyGroupsTableViewCell.swift in Sources */ = {isa = PBXBuildFile; fileRef = B65DC0E62641657E00C412F1 /* MyGroupsTableViewCell.swift */; };
		B65DC0EA2641659E00C412F1 /* AllGroupsTableViewCell.swift in Sources */ = {isa = PBXBuildFile; fileRef = B65DC0E92641659E00C412F1 /* AllGroupsTableViewCell.swift */; };
		B6767804264187F700B7ADFE /* MyFriendsTableViewController.swift in Sources */ = {isa = PBXBuildFile; fileRef = B6767803264187F600B7ADFE /* MyFriendsTableViewController.swift */; };
		B67678062641881C00B7ADFE /* MyFriendsTableViewCell.swift in Sources */ = {isa = PBXBuildFile; fileRef = B67678052641881C00B7ADFE /* MyFriendsTableViewCell.swift */; };
		B676780826418B4900B7ADFE /* FriendImageCollectionViewController.swift in Sources */ = {isa = PBXBuildFile; fileRef = B676780726418B4900B7ADFE /* FriendImageCollectionViewController.swift */; };
		B676780A26418B9700B7ADFE /* FriendImageCollectionViewCell.swift in Sources */ = {isa = PBXBuildFile; fileRef = B676780926418B9700B7ADFE /* FriendImageCollectionViewCell.swift */; };
		B67678122645944100B7ADFE /* Friend.swift in Sources */ = {isa = PBXBuildFile; fileRef = B67678112645944100B7ADFE /* Friend.swift */; };
		B67678142645945000B7ADFE /* Group.swift in Sources */ = {isa = PBXBuildFile; fileRef = B67678132645945000B7ADFE /* Group.swift */; };
		B67678162649B3B800B7ADFE /* LikeControl.swift in Sources */ = {isa = PBXBuildFile; fileRef = B67678152649B3B800B7ADFE /* LikeControl.swift */; };
/* End PBXBuildFile section */

/* Begin PBXFileReference section */
		B65DC0BE26380BA400C412F1 /* VK.app */ = {isa = PBXFileReference; explicitFileType = wrapper.application; includeInIndex = 0; path = VK.app; sourceTree = BUILT_PRODUCTS_DIR; };
		B65DC0C126380BA400C412F1 /* AppDelegate.swift */ = {isa = PBXFileReference; lastKnownFileType = sourcecode.swift; path = AppDelegate.swift; sourceTree = "<group>"; };
		B65DC0C326380BA400C412F1 /* SceneDelegate.swift */ = {isa = PBXFileReference; lastKnownFileType = sourcecode.swift; path = SceneDelegate.swift; sourceTree = "<group>"; };
		B65DC0C826380BA400C412F1 /* Base */ = {isa = PBXFileReference; lastKnownFileType = file.storyboard; name = Base; path = Base.lproj/Main.storyboard; sourceTree = "<group>"; };
		B65DC0CA26380BA600C412F1 /* Assets.xcassets */ = {isa = PBXFileReference; lastKnownFileType = folder.assetcatalog; path = Assets.xcassets; sourceTree = "<group>"; };
		B65DC0CD26380BA600C412F1 /* Base */ = {isa = PBXFileReference; lastKnownFileType = file.storyboard; name = Base; path = Base.lproj/LaunchScreen.storyboard; sourceTree = "<group>"; };
		B65DC0CF26380BA600C412F1 /* Info.plist */ = {isa = PBXFileReference; lastKnownFileType = text.plist.xml; path = Info.plist; sourceTree = "<group>"; };
		B65DC0D726380D1800C412F1 /* LoginFormController.swift */ = {isa = PBXFileReference; lastKnownFileType = sourcecode.swift; path = LoginFormController.swift; sourceTree = "<group>"; };
		B65DC0DF2641651700C412F1 /* MyGroupsTableViewController.swift */ = {isa = PBXFileReference; lastKnownFileType = sourcecode.swift; path = MyGroupsTableViewController.swift; sourceTree = "<group>"; };
		B65DC0E32641654900C412F1 /* AllGroupsTableViewController.swift */ = {isa = PBXFileReference; lastKnownFileType = sourcecode.swift; path = AllGroupsTableViewController.swift; sourceTree = "<group>"; };
		B65DC0E62641657E00C412F1 /* MyGroupsTableViewCell.swift */ = {isa = PBXFileReference; lastKnownFileType = sourcecode.swift; path = MyGroupsTableViewCell.swift; sourceTree = "<group>"; };
		B65DC0E92641659E00C412F1 /* AllGroupsTableViewCell.swift */ = {isa = PBXFileReference; lastKnownFileType = sourcecode.swift; path = AllGroupsTableViewCell.swift; sourceTree = "<group>"; };
		B6767803264187F600B7ADFE /* MyFriendsTableViewController.swift */ = {isa = PBXFileReference; lastKnownFileType = sourcecode.swift; path = MyFriendsTableViewController.swift; sourceTree = "<group>"; };
		B67678052641881C00B7ADFE /* MyFriendsTableViewCell.swift */ = {isa = PBXFileReference; lastKnownFileType = sourcecode.swift; path = MyFriendsTableViewCell.swift; sourceTree = "<group>"; };
		B676780726418B4900B7ADFE /* FriendImageCollectionViewController.swift */ = {isa = PBXFileReference; lastKnownFileType = sourcecode.swift; path = FriendImageCollectionViewController.swift; sourceTree = "<group>"; };
		B676780926418B9700B7ADFE /* FriendImageCollectionViewCell.swift */ = {isa = PBXFileReference; lastKnownFileType = sourcecode.swift; path = FriendImageCollectionViewCell.swift; sourceTree = "<group>"; };
		B67678112645944100B7ADFE /* Friend.swift */ = {isa = PBXFileReference; lastKnownFileType = sourcecode.swift; path = Friend.swift; sourceTree = "<group>"; };
		B67678132645945000B7ADFE /* Group.swift */ = {isa = PBXFileReference; lastKnownFileType = sourcecode.swift; path = Group.swift; sourceTree = "<group>"; };
		B67678152649B3B800B7ADFE /* LikeControl.swift */ = {isa = PBXFileReference; lastKnownFileType = sourcecode.swift; path = LikeControl.swift; sourceTree = "<group>"; };
/* End PBXFileReference section */

/* Begin PBXFrameworksBuildPhase section */
		B65DC0BB26380BA400C412F1 /* Frameworks */ = {
			isa = PBXFrameworksBuildPhase;
			buildActionMask = 2147483647;
			files = (
			);
			runOnlyForDeploymentPostprocessing = 0;
		};
/* End PBXFrameworksBuildPhase section */

/* Begin PBXGroup section */
		B65DC0B526380BA400C412F1 = {
			isa = PBXGroup;
			children = (
				B65DC0C026380BA400C412F1 /* VK */,
				B65DC0BF26380BA400C412F1 /* Products */,
			);
			sourceTree = "<group>";
		};
		B65DC0BF26380BA400C412F1 /* Products */ = {
			isa = PBXGroup;
			children = (
				B65DC0BE26380BA400C412F1 /* VK.app */,
			);
			name = Products;
			sourceTree = "<group>";
		};
		B65DC0C026380BA400C412F1 /* VK */ = {
			isa = PBXGroup;
			children = (
				B676780E264593FC00B7ADFE /* Groups */,
				B676780B2645939B00B7ADFE /* Friends */,
				B65DC0DE2641648D00C412F1 /* Model */,
				B65DC0C126380BA400C412F1 /* AppDelegate.swift */,
				B65DC0C326380BA400C412F1 /* SceneDelegate.swift */,
				B65DC0C726380BA400C412F1 /* Main.storyboard */,
				B65DC0CA26380BA600C412F1 /* Assets.xcassets */,
				B65DC0CC26380BA600C412F1 /* LaunchScreen.storyboard */,
				B65DC0CF26380BA600C412F1 /* Info.plist */,
				B65DC0D726380D1800C412F1 /* LoginFormController.swift */,
			);
			path = VK;
			sourceTree = "<group>";
		};
		B65DC0DE2641648D00C412F1 /* Model */ = {
			isa = PBXGroup;
			children = (
				B67678112645944100B7ADFE /* Friend.swift */,
				B67678132645945000B7ADFE /* Group.swift */,
				B67678152649B3B800B7ADFE /* LikeControl.swift */,
			);
			path = Model;
			sourceTree = "<group>";
		};
		B676780B2645939B00B7ADFE /* Friends */ = {
			isa = PBXGroup;
			children = (
				B676780D264593E100B7ADFE /* Cells */,
				B676780C264593B200B7ADFE /* Controllers */,
			);
			path = Friends;
			sourceTree = "<group>";
		};
		B676780C264593B200B7ADFE /* Controllers */ = {
			isa = PBXGroup;
			children = (
				B676780726418B4900B7ADFE /* FriendImageCollectionViewController.swift */,
				B6767803264187F600B7ADFE /* MyFriendsTableViewController.swift */,
			);
			path = Controllers;
			sourceTree = "<group>";
		};
		B676780D264593E100B7ADFE /* Cells */ = {
			isa = PBXGroup;
			children = (
				B67678052641881C00B7ADFE /* MyFriendsTableViewCell.swift */,
				B676780926418B9700B7ADFE /* FriendImageCollectionViewCell.swift */,
			);
			path = Cells;
			sourceTree = "<group>";
		};
		B676780E264593FC00B7ADFE /* Groups */ = {
			isa = PBXGroup;
			children = (
				B67678102645941A00B7ADFE /* Cells */,
				B676780F2645940700B7ADFE /* Controllers */,
			);
			path = Groups;
			sourceTree = "<group>";
		};
		B676780F2645940700B7ADFE /* Controllers */ = {
			isa = PBXGroup;
			children = (
				B65DC0DF2641651700C412F1 /* MyGroupsTableViewController.swift */,
				B65DC0E32641654900C412F1 /* AllGroupsTableViewController.swift */,
			);
			path = Controllers;
			sourceTree = "<group>";
		};
		B67678102645941A00B7ADFE /* Cells */ = {
			isa = PBXGroup;
			children = (
				B65DC0E62641657E00C412F1 /* MyGroupsTableViewCell.swift */,
				B65DC0E92641659E00C412F1 /* AllGroupsTableViewCell.swift */,
			);
			path = Cells;
			sourceTree = "<group>";
		};
/* End PBXGroup section */

/* Begin PBXNativeTarget section */
		B65DC0BD26380BA400C412F1 /* VK */ = {
			isa = PBXNativeTarget;
			buildConfigurationList = B65DC0D226380BA600C412F1 /* Build configuration list for PBXNativeTarget "VK" */;
			buildPhases = (
				B65DC0BA26380BA400C412F1 /* Sources */,
				B65DC0BB26380BA400C412F1 /* Frameworks */,
				B65DC0BC26380BA400C412F1 /* Resources */,
			);
			buildRules = (
			);
			dependencies = (
			);
			name = VK;
			productName = VK;
			productReference = B65DC0BE26380BA400C412F1 /* VK.app */;
			productType = "com.apple.product-type.application";
		};
/* End PBXNativeTarget section */

/* Begin PBXProject section */
		B65DC0B626380BA400C412F1 /* Project object */ = {
			isa = PBXProject;
			attributes = {
				LastSwiftUpdateCheck = 1240;
				LastUpgradeCheck = 1240;
				TargetAttributes = {
					B65DC0BD26380BA400C412F1 = {
						CreatedOnToolsVersion = 12.4;
					};
				};
			};
			buildConfigurationList = B65DC0B926380BA400C412F1 /* Build configuration list for PBXProject "VK" */;
			compatibilityVersion = "Xcode 9.3";
			developmentRegion = en;
			hasScannedForEncodings = 0;
			knownRegions = (
				en,
				Base,
			);
			mainGroup = B65DC0B526380BA400C412F1;
			productRefGroup = B65DC0BF26380BA400C412F1 /* Products */;
			projectDirPath = "";
			projectRoot = "";
			targets = (
				B65DC0BD26380BA400C412F1 /* VK */,
			);
		};
/* End PBXProject section */

/* Begin PBXResourcesBuildPhase section */
		B65DC0BC26380BA400C412F1 /* Resources */ = {
			isa = PBXResourcesBuildPhase;
			buildActionMask = 2147483647;
			files = (
				B65DC0CE26380BA600C412F1 /* LaunchScreen.storyboard in Resources */,
				B65DC0CB26380BA600C412F1 /* Assets.xcassets in Resources */,
				B65DC0C926380BA400C412F1 /* Main.storyboard in Resources */,
			);
			runOnlyForDeploymentPostprocessing = 0;
		};
/* End PBXResourcesBuildPhase section */

/* Begin PBXSourcesBuildPhase section */
		B65DC0BA26380BA400C412F1 /* Sources */ = {
			isa = PBXSourcesBuildPhase;
			buildActionMask = 2147483647;
			files = (
				B676780A26418B9700B7ADFE /* FriendImageCollectionViewCell.swift in Sources */,
				B65DC0D826380D1800C412F1 /* LoginFormController.swift in Sources */,
				B67678162649B3B800B7ADFE /* LikeControl.swift in Sources */,
				B6767804264187F700B7ADFE /* MyFriendsTableViewController.swift in Sources */,
				B67678122645944100B7ADFE /* Friend.swift in Sources */,
				B65DC0C226380BA400C412F1 /* AppDelegate.swift in Sources */,
				B65DC0E42641654900C412F1 /* AllGroupsTableViewController.swift in Sources */,
				B67678142645945000B7ADFE /* Group.swift in Sources */,
				B65DC0E02641651700C412F1 /* MyGroupsTableViewController.swift in Sources */,
				B65DC0C426380BA400C412F1 /* SceneDelegate.swift in Sources */,
				B676780826418B4900B7ADFE /* FriendImageCollectionViewController.swift in Sources */,
				B67678062641881C00B7ADFE /* MyFriendsTableViewCell.swift in Sources */,
				B65DC0E72641657E00C412F1 /* MyGroupsTableViewCell.swift in Sources */,
				B65DC0EA2641659E00C412F1 /* AllGroupsTableViewCell.swift in Sources */,
			);
			runOnlyForDeploymentPostprocessing = 0;
		};
/* End PBXSourcesBuildPhase section */

/* Begin PBXVariantGroup section */
		B65DC0C726380BA400C412F1 /* Main.storyboard */ = {
			isa = PBXVariantGroup;
			children = (
				B65DC0C826380BA400C412F1 /* Base */,
			);
			name = Main.storyboard;
			sourceTree = "<group>";
		};
		B65DC0CC26380BA600C412F1 /* LaunchScreen.storyboard */ = {
			isa = PBXVariantGroup;
			children = (
				B65DC0CD26380BA600C412F1 /* Base */,
			);
			name = LaunchScreen.storyboard;
			sourceTree = "<group>";
		};
/* End PBXVariantGroup section */

/* Begin XCBuildConfiguration section */
		B65DC0D026380BA600C412F1 /* Debug */ = {
			isa = XCBuildConfiguration;
			buildSettings = {
				ALWAYS_SEARCH_USER_PATHS = NO;
				CLANG_ANALYZER_NONNULL = YES;
				CLANG_ANALYZER_NUMBER_OBJECT_CONVERSION = YES_AGGRESSIVE;
				CLANG_CXX_LANGUAGE_STANDARD = "gnu++14";
				CLANG_CXX_LIBRARY = "libc++";
				CLANG_ENABLE_MODULES = YES;
				CLANG_ENABLE_OBJC_ARC = YES;
				CLANG_ENABLE_OBJC_WEAK = YES;
				CLANG_WARN_BLOCK_CAPTURE_AUTORELEASING = YES;
				CLANG_WARN_BOOL_CONVERSION = YES;
				CLANG_WARN_COMMA = YES;
				CLANG_WARN_CONSTANT_CONVERSION = YES;
				CLANG_WARN_DEPRECATED_OBJC_IMPLEMENTATIONS = YES;
				CLANG_WARN_DIRECT_OBJC_ISA_USAGE = YES_ERROR;
				CLANG_WARN_DOCUMENTATION_COMMENTS = YES;
				CLANG_WARN_EMPTY_BODY = YES;
				CLANG_WARN_ENUM_CONVERSION = YES;
				CLANG_WARN_INFINITE_RECURSION = YES;
				CLANG_WARN_INT_CONVERSION = YES;
				CLANG_WARN_NON_LITERAL_NULL_CONVERSION = YES;
				CLANG_WARN_OBJC_IMPLICIT_RETAIN_SELF = YES;
				CLANG_WARN_OBJC_LITERAL_CONVERSION = YES;
				CLANG_WARN_OBJC_ROOT_CLASS = YES_ERROR;
				CLANG_WARN_QUOTED_INCLUDE_IN_FRAMEWORK_HEADER = YES;
				CLANG_WARN_RANGE_LOOP_ANALYSIS = YES;
				CLANG_WARN_STRICT_PROTOTYPES = YES;
				CLANG_WARN_SUSPICIOUS_MOVE = YES;
				CLANG_WARN_UNGUARDED_AVAILABILITY = YES_AGGRESSIVE;
				CLANG_WARN_UNREACHABLE_CODE = YES;
				CLANG_WARN__DUPLICATE_METHOD_MATCH = YES;
				COPY_PHASE_STRIP = NO;
				DEBUG_INFORMATION_FORMAT = dwarf;
				ENABLE_STRICT_OBJC_MSGSEND = YES;
				ENABLE_TESTABILITY = YES;
				GCC_C_LANGUAGE_STANDARD = gnu11;
				GCC_DYNAMIC_NO_PIC = NO;
				GCC_NO_COMMON_BLOCKS = YES;
				GCC_OPTIMIZATION_LEVEL = 0;
				GCC_PREPROCESSOR_DEFINITIONS = (
					"DEBUG=1",
					"$(inherited)",
				);
				GCC_WARN_64_TO_32_BIT_CONVERSION = YES;
				GCC_WARN_ABOUT_RETURN_TYPE = YES_ERROR;
				GCC_WARN_UNDECLARED_SELECTOR = YES;
				GCC_WARN_UNINITIALIZED_AUTOS = YES_AGGRESSIVE;
				GCC_WARN_UNUSED_FUNCTION = YES;
				GCC_WARN_UNUSED_VARIABLE = YES;
				IPHONEOS_DEPLOYMENT_TARGET = 14.4;
				MTL_ENABLE_DEBUG_INFO = INCLUDE_SOURCE;
				MTL_FAST_MATH = YES;
				ONLY_ACTIVE_ARCH = YES;
				SDKROOT = iphoneos;
				SWIFT_ACTIVE_COMPILATION_CONDITIONS = DEBUG;
				SWIFT_OPTIMIZATION_LEVEL = "-Onone";
			};
			name = Debug;
		};
		B65DC0D126380BA600C412F1 /* Release */ = {
			isa = XCBuildConfiguration;
			buildSettings = {
				ALWAYS_SEARCH_USER_PATHS = NO;
				CLANG_ANALYZER_NONNULL = YES;
				CLANG_ANALYZER_NUMBER_OBJECT_CONVERSION = YES_AGGRESSIVE;
				CLANG_CXX_LANGUAGE_STANDARD = "gnu++14";
				CLANG_CXX_LIBRARY = "libc++";
				CLANG_ENABLE_MODULES = YES;
				CLANG_ENABLE_OBJC_ARC = YES;
				CLANG_ENABLE_OBJC_WEAK = YES;
				CLANG_WARN_BLOCK_CAPTURE_AUTORELEASING = YES;
				CLANG_WARN_BOOL_CONVERSION = YES;
				CLANG_WARN_COMMA = YES;
				CLANG_WARN_CONSTANT_CONVERSION = YES;
				CLANG_WARN_DEPRECATED_OBJC_IMPLEMENTATIONS = YES;
				CLANG_WARN_DIRECT_OBJC_ISA_USAGE = YES_ERROR;
				CLANG_WARN_DOCUMENTATION_COMMENTS = YES;
				CLANG_WARN_EMPTY_BODY = YES;
				CLANG_WARN_ENUM_CONVERSION = YES;
				CLANG_WARN_INFINITE_RECURSION = YES;
				CLANG_WARN_INT_CONVERSION = YES;
				CLANG_WARN_NON_LITERAL_NULL_CONVERSION = YES;
				CLANG_WARN_OBJC_IMPLICIT_RETAIN_SELF = YES;
				CLANG_WARN_OBJC_LITERAL_CONVERSION = YES;
				CLANG_WARN_OBJC_ROOT_CLASS = YES_ERROR;
				CLANG_WARN_QUOTED_INCLUDE_IN_FRAMEWORK_HEADER = YES;
				CLANG_WARN_RANGE_LOOP_ANALYSIS = YES;
				CLANG_WARN_STRICT_PROTOTYPES = YES;
				CLANG_WARN_SUSPICIOUS_MOVE = YES;
				CLANG_WARN_UNGUARDED_AVAILABILITY = YES_AGGRESSIVE;
				CLANG_WARN_UNREACHABLE_CODE = YES;
				CLANG_WARN__DUPLICATE_METHOD_MATCH = YES;
				COPY_PHASE_STRIP = NO;
				DEBUG_INFORMATION_FORMAT = "dwarf-with-dsym";
				ENABLE_NS_ASSERTIONS = NO;
				ENABLE_STRICT_OBJC_MSGSEND = YES;
				GCC_C_LANGUAGE_STANDARD = gnu11;
				GCC_NO_COMMON_BLOCKS = YES;
				GCC_WARN_64_TO_32_BIT_CONVERSION = YES;
				GCC_WARN_ABOUT_RETURN_TYPE = YES_ERROR;
				GCC_WARN_UNDECLARED_SELECTOR = YES;
				GCC_WARN_UNINITIALIZED_AUTOS = YES_AGGRESSIVE;
				GCC_WARN_UNUSED_FUNCTION = YES;
				GCC_WARN_UNUSED_VARIABLE = YES;
				IPHONEOS_DEPLOYMENT_TARGET = 14.4;
				MTL_ENABLE_DEBUG_INFO = NO;
				MTL_FAST_MATH = YES;
				SDKROOT = iphoneos;
				SWIFT_COMPILATION_MODE = wholemodule;
				SWIFT_OPTIMIZATION_LEVEL = "-O";
				VALIDATE_PRODUCT = YES;
			};
			name = Release;
		};
		B65DC0D326380BA600C412F1 /* Debug */ = {
			isa = XCBuildConfiguration;
			buildSettings = {
				ASSETCATALOG_COMPILER_APPICON_NAME = AppIcon;
				ASSETCATALOG_COMPILER_GLOBAL_ACCENT_COLOR_NAME = AccentColor;
				CODE_SIGN_STYLE = Automatic;
				DEVELOPMENT_TEAM = "";
				INFOPLIST_FILE = VK/Info.plist;
				LD_RUNPATH_SEARCH_PATHS = (
					"$(inherited)",
					"@executable_path/Frameworks",
				);
				PRODUCT_BUNDLE_IDENTIFIER = com.VK;
				PRODUCT_NAME = "$(TARGET_NAME)";
				SWIFT_VERSION = 5.0;
				TARGETED_DEVICE_FAMILY = "1,2";
			};
			name = Debug;
		};
		B65DC0D426380BA600C412F1 /* Release */ = {
			isa = XCBuildConfiguration;
			buildSettings = {
				ASSETCATALOG_COMPILER_APPICON_NAME = AppIcon;
				ASSETCATALOG_COMPILER_GLOBAL_ACCENT_COLOR_NAME = AccentColor;
				CODE_SIGN_STYLE = Automatic;
				DEVELOPMENT_TEAM = "";
				INFOPLIST_FILE = VK/Info.plist;
				LD_RUNPATH_SEARCH_PATHS = (
					"$(inherited)",
					"@executable_path/Frameworks",
				);
				PRODUCT_BUNDLE_IDENTIFIER = com.VK;
				PRODUCT_NAME = "$(TARGET_NAME)";
				SWIFT_VERSION = 5.0;
				TARGETED_DEVICE_FAMILY = "1,2";
			};
			name = Release;
		};
/* End XCBuildConfiguration section */

/* Begin XCConfigurationList section */
		B65DC0B926380BA400C412F1 /* Build configuration list for PBXProject "VK" */ = {
			isa = XCConfigurationList;
			buildConfigurations = (
				B65DC0D026380BA600C412F1 /* Debug */,
				B65DC0D126380BA600C412F1 /* Release */,
			);
			defaultConfigurationIsVisible = 0;
			defaultConfigurationName = Release;
		};
		B65DC0D226380BA600C412F1 /* Build configuration list for PBXNativeTarget "VK" */ = {
			isa = XCConfigurationList;
			buildConfigurations = (
				B65DC0D326380BA600C412F1 /* Debug */,
				B65DC0D426380BA600C412F1 /* Release */,
			);
			defaultConfigurationIsVisible = 0;
			defaultConfigurationName = Release;
		};
/* End XCConfigurationList section */
	};
	rootObject = B65DC0B626380BA400C412F1 /* Project object */;
}
